
Microsoft Visual Studio Solution File, Format Version 12.00
# Visual Studio 15
VisualStudioVersion = 15.0.26730.16
MinimumVisualStudioVersion = 10.0.40219.1
Project("{FAE04EC0-301F-11D3-BF4B-00C04F79EFBC}") = "WebsiteBenchmark", "WebsiteBenchmark\WebsiteBenchmark.csproj", "{B27AC295-94D1-48A0-AE08-749CDBAA4053}"
EndProject
Project("{FAE04EC0-301F-11D3-BF4B-00C04F79EFBC}") = "Test", "Test\Test.csproj", "{2D969D23-4852-4B93-AFF4-E36B0F4DE4FD}"
EndProject
Global
	GlobalSection(SolutionConfigurationPlatforms) = preSolution
		Debug|Any CPU = Debug|Any CPU
		Release|Any CPU = Release|Any CPU
	EndGlobalSection
	GlobalSection(ProjectConfigurationPlatforms) = postSolution
		{B27AC295-94D1-48A0-AE08-749CDBAA4053}.Debug|Any CPU.ActiveCfg = Debug|Any CPU
		{B27AC295-94D1-48A0-AE08-749CDBAA4053}.Debug|Any CPU.Build.0 = Debug|Any CPU
		{B27AC295-94D1-48A0-AE08-749CDBAA4053}.Release|Any CPU.ActiveCfg = Release|Any CPU
		{B27AC295-94D1-48A0-AE08-749CDBAA4053}.Release|Any CPU.Build.0 = Release|Any CPU
		{2D969D23-4852-4B93-AFF4-E36B0F4DE4FD}.Debug|Any CPU.ActiveCfg = Debug|Any CPU
		{2D969D23-4852-4B93-AFF4-E36B0F4DE4FD}.Debug|Any CPU.Build.0 = Debug|Any CPU
		{2D969D23-4852-4B93-AFF4-E36B0F4DE4FD}.Release|Any CPU.ActiveCfg = Release|Any CPU
		{2D969D23-4852-4B93-AFF4-E36B0F4DE4FD}.Release|Any CPU.Build.0 = Release|Any CPU
	EndGlobalSection
	GlobalSection(SolutionProperties) = preSolution
		HideSolutionNode = FALSE
	EndGlobalSection
	GlobalSection(ExtensibilityGlobals) = postSolution
		SolutionGuid = {B08A6687-8D34-453F-BA53-65EC7DE525EC}
	EndGlobalSection
EndGlobal
